{
  "name": "airplane-component",
  "version": "1.0.0",
  "lockfileVersion": 1,
  "requires": true,
  "dependencies": {
    "@types/amqplib": {
      "version": "0.5.7",
      "resolved": "https://registry.npmjs.org/@types/amqplib/-/amqplib-0.5.7.tgz",
      "integrity": "sha512-1PIJiT+6yRq8eJG3F5bqilBtwihv9b0+FRNaWq4br+RrxVogHRJoWpkh+DTYtLVN+q+WgSN98L97Yk4DEjINWA==",
      "requires": {
        "@types/bluebird": "3.5.20",
        "@types/events": "1.2.0",
        "@types/node": "9.4.7"
      }
    },
    "@types/bluebird": {
      "version": "3.5.20",
      "resolved": "https://registry.npmjs.org/@types/bluebird/-/bluebird-3.5.20.tgz",
      "integrity": "sha512-Wk41MVdF+cHBfVXj/ufUHJeO3BlIQr1McbHZANErMykaCWeDSZbH5erGjNBw2/3UlRdSxZbLfSuQTzFmPOYFsA=="
    },
    "@types/events": {
      "version": "1.2.0",
      "resolved": "https://registry.npmjs.org/@types/events/-/events-1.2.0.tgz",
      "integrity": "sha512-KEIlhXnIutzKwRbQkGWb/I4HFqBuUykAdHgDED6xqwXJfONCjF5VoE0cXEiurh3XauygxzeDzgtXUqvLkxFzzA=="
    },
    "@types/node": {
      "version": "9.4.7",
      "resolved": "https://registry.npmjs.org/@types/node/-/node-9.4.7.tgz",
      "integrity": "sha512-4Ba90mWNx8ddbafuyGGwjkZMigi+AWfYLSDCpovwsE63ia8w93r3oJ8PIAQc3y8U+XHcnMOHPIzNe3o438Ywcw=="
    },
    "amqp-ts": {
      "version": "1.4.0",
      "resolved": "https://registry.npmjs.org/amqp-ts/-/amqp-ts-1.4.0.tgz",
      "integrity": "sha1-mV3enolALUQA3quZ85NiaiSIwZo=",
      "requires": {
        "amqplib": "0.4.2",
        "bluebird": "3.5.1",
        "winston": "2.4.1"
      }
    },
    "amqplib": {
      "version": "0.4.2",
      "resolved": "https://registry.npmjs.org/amqplib/-/amqplib-0.4.2.tgz",
      "integrity": "sha1-XkoqkUzLMSX5y5H22gfJeqTLE6Y=",
      "requires": {
        "bitsyntax": "0.0.4",
        "buffer-more-ints": "0.0.2",
        "readable-stream": "1.1.14",
        "when": "3.6.4"
      }
    },
    "async": {
      "version": "1.0.0",
      "resolved": "https://registry.npmjs.org/async/-/async-1.0.0.tgz",
      "integrity": "sha1-+PwEyjoTeErenhZBr5hXjPvWR6k="
    },
    "bitsyntax": {
      "version": "0.0.4",
      "resolved": "https://registry.npmjs.org/bitsyntax/-/bitsyntax-0.0.4.tgz",
      "integrity": "sha1-6xDMb4K4xJDj6FaY8H6D1G4MuoI=",
      "requires": {
        "buffer-more-ints": "0.0.2"
      }
    },
    "bluebird": {
      "version": "3.5.1",
      "resolved": "https://registry.npmjs.org/bluebird/-/bluebird-3.5.1.tgz",
      "integrity": "sha512-MKiLiV+I1AA596t9w1sQJ8jkiSr5+ZKi0WKrYGUn6d1Fx+Ij4tIj+m2WMQSGczs5jZVxV339chE8iwk6F64wjA=="
    },
    "buffer-more-ints": {
      "version": "0.0.2",
      "resolved": "https://registry.npmjs.org/buffer-more-ints/-/buffer-more-ints-0.0.2.tgz",
      "integrity": "sha1-JrOIXRD6E9t/wBquOquHAZngEkw="
    },
    "colors": {
      "version": "1.0.3",
      "resolved": "https://registry.npmjs.org/colors/-/colors-1.0.3.tgz",
      "integrity": "sha1-BDP0TYCWgP3rYO0mDxsMJi6CpAs="
    },
    "core-util-is": {
      "version": "1.0.2",
      "resolved": "https://registry.npmjs.org/core-util-is/-/core-util-is-1.0.2.tgz",
      "integrity": "sha1-tf1UIgqivFq1eqtxQMlAdUUDwac="
    },
    "cycle": {
      "version": "1.0.3",
      "resolved": "https://registry.npmjs.org/cycle/-/cycle-1.0.3.tgz",
      "integrity": "sha1-IegLK+hYD5i0aPN5QwZisEbDStI="
    },
    "eyes": {
      "version": "0.1.8",
      "resolved": "https://registry.npmjs.org/eyes/-/eyes-0.1.8.tgz",
      "integrity": "sha1-Ys8SAjTGg3hdkCNIqADvPgzCC8A="
    },
    "guid-typescript": {
      "version": "1.0.7",
      "resolved": "https://registry.npmjs.org/guid-typescript/-/guid-typescript-1.0.7.tgz",
      "integrity": "sha512-j1XPiaDUuNa0PO8EyGAikyKMpAnGbSDzr81UAzXz3H2xAoQW3c2hH8RS7Omo+DEgtD9emYdgJaxnfKZPYtDNRQ==",
      "dev": true
    },
    "inherits": {
      "version": "2.0.3",
      "resolved": "https://registry.npmjs.org/inherits/-/inherits-2.0.3.tgz",
      "integrity": "sha1-Yzwsg+PaQqUC9SRmAiSA9CCCYd4="
    },
    "isarray": {
      "version": "0.0.1",
      "resolved": "https://registry.npmjs.org/isarray/-/isarray-0.0.1.tgz",
      "integrity": "sha1-ihis/Kmo9Bd+Cav8YDiTmwXR7t8="
    },
    "isstream": {
      "version": "0.1.2",
      "resolved": "https://registry.npmjs.org/isstream/-/isstream-0.1.2.tgz",
      "integrity": "sha1-R+Y/evVa+m+S4VAOaQ64uFKcCZo="
    },
    "readable-stream": {
      "version": "1.1.14",
      "resolved": "https://registry.npmjs.org/readable-stream/-/readable-stream-1.1.14.tgz",
      "integrity": "sha1-fPTFTvZI44EwhMY23SB54WbAgdk=",
      "requires": {
        "core-util-is": "1.0.2",
        "inherits": "2.0.3",
        "isarray": "0.0.1",
        "string_decoder": "0.10.31"
      }
    },
    "stack-trace": {
      "version": "0.0.10",
      "resolved": "https://registry.npmjs.org/stack-trace/-/stack-trace-0.0.10.tgz",
      "integrity": "sha1-VHxws0fo0ytOEI6hoqFZ5f3eGcA="
    },
    "string_decoder": {
      "version": "0.10.31",
      "resolved": "https://registry.npmjs.org/string_decoder/-/string_decoder-0.10.31.tgz",
      "integrity": "sha1-YuIDvEF2bGwoyfyEMB2rHFMQ+pQ="
    },
    "typescript": {
      "version": "2.7.2",
      "resolved": "https://registry.npmjs.org/typescript/-/typescript-2.7.2.tgz",
      "integrity": "sha512-p5TCYZDAO0m4G344hD+wx/LATebLWZNkkh2asWUFqSsD2OrDNhbAHuSjobrmsUmdzjJjEeZVU9g1h3O6vpstnw==",
      "dev": true
    },
    "when": {
      "version": "3.6.4",
      "resolved": "https://registry.npmjs.org/when/-/when-3.6.4.tgz",
      "integrity": "sha1-RztRfsFZ4rhQBUl6E5g/CVQS404="
    },
    "winston": {
      "version": "2.4.1",
      "resolved": "https://registry.npmjs.org/winston/-/winston-2.4.1.tgz",
      "integrity": "sha512-k/+Dkzd39ZdyJHYkuaYmf4ff+7j+sCIy73UCOWHYA67/WXU+FF/Y6PF28j+Vy7qNRPHWO+dR+/+zkoQWPimPqg==",
      "requires": {
        "async": "1.0.0",
        "colors": "1.0.3",
        "cycle": "1.0.3",
        "eyes": "0.1.8",
        "isstream": "0.1.2",
        "stack-trace": "0.0.10"
      }
    }
  }
}
